
Microsoft Visual Studio Solution File, Format Version 12.00
# Visual Studio Version 17
VisualStudioVersion = 17.13.35806.99 d17.13
MinimumVisualStudioVersion = 10.0.40219.1
Project("{FAE04EC0-301F-11D3-BF4B-00C04F79EFBC}") = "CSharp", "CSharp.csproj", "{4112DFBE-CB87-4C2F-9D01-3D2A90AEA46E}"
EndProject
Global
	GlobalSection(SolutionConfigurationPlatforms) = preSolution
		Debug|Any CPU = Debug|Any CPU
		Release|Any CPU = Release|Any CPU
	EndGlobalSection
	GlobalSection(ProjectConfigurationPlatforms) = postSolution
		{4112DFBE-CB87-4C2F-9D01-3D2A90AEA46E}.Debug|Any CPU.ActiveCfg = Debug|Any CPU
		{4112DFBE-CB87-4C2F-9D01-3D2A90AEA46E}.Debug|Any CPU.Build.0 = Debug|Any CPU
		{4112DFBE-CB87-4C2F-9D01-3D2A90AEA46E}.Release|Any CPU.ActiveCfg = Release|Any CPU
		{4112DFBE-CB87-4C2F-9D01-3D2A90AEA46E}.Release|Any CPU.Build.0 = Release|Any CPU
	EndGlobalSection
	GlobalSection(SolutionProperties) = preSolution
		HideSolutionNode = FALSE
	EndGlobalSection
	GlobalSection(ExtensibilityGlobals) = postSolution
		SolutionGuid = {C5140B0B-EA2E-4F0A-89C9-DBFC408CDE09}
	EndGlobalSection
EndGlobal
